// !$*UTF8*$!
{
	archiveVersion = 1;
	classes = {
	};
	objectVersion = 48;
	objects = {

/* Begin PBXBuildFile section */
		615DAA125E51049D523BF3A8 /* Pods_Whack_a_Jellyfish.framework in Frameworks */ = {isa = PBXBuildFile; fileRef = 36ED1900AC051D2950C647FE /* Pods_Whack_a_Jellyfish.framework */; };
		A11FEAB01FC108B500842641 /* AppDelegate.swift in Sources */ = {isa = PBXBuildFile; fileRef = A11FEAAF1FC108B500842641 /* AppDelegate.swift */; };
		A11FEAB21FC108B500842641 /* ViewController.swift in Sources */ = {isa = PBXBuildFile; fileRef = A11FEAB11FC108B500842641 /* ViewController.swift */; };
		A11FEAB51FC108B500842641 /* Main.storyboard in Resources */ = {isa = PBXBuildFile; fileRef = A11FEAB31FC108B500842641 /* Main.storyboard */; };
		A11FEAB71FC108B500842641 /* Assets.xcassets in Resources */ = {isa = PBXBuildFile; fileRef = A11FEAB61FC108B500842641 /* Assets.xcassets */; };
		A11FEABA1FC108B500842641 /* LaunchScreen.storyboard in Resources */ = {isa = PBXBuildFile; fileRef = A11FEAB81FC108B500842641 /* LaunchScreen.storyboard */; };
		A11FEAC41FC1146200842641 /* Textures in Resources */ = {isa = PBXBuildFile; fileRef = A11FEAC31FC1146200842641 /* Textures */; };
		A1B482001FC1184F007B9B1B /* art.scnassets in Resources */ = {isa = PBXBuildFile; fileRef = A1B481FF1FC1184F007B9B1B /* art.scnassets */; };
/* End PBXBuildFile section */

/* Begin PBXFileReference section */
		36ED1900AC051D2950C647FE /* Pods_Whack_a_Jellyfish.framework */ = {isa = PBXFileReference; explicitFileType = wrapper.framework; includeInIndex = 0; path = Pods_Whack_a_Jellyfish.framework; sourceTree = BUILT_PRODUCTS_DIR; };
		7B502E79BB5B104251DCEB72 /* Pods-Whack a Jellyfish.release.xcconfig */ = {isa = PBXFileReference; includeInIndex = 1; lastKnownFileType = text.xcconfig; name = "Pods-Whack a Jellyfish.release.xcconfig"; path = "Pods/Target Support Files/Pods-Whack a Jellyfish/Pods-Whack a Jellyfish.release.xcconfig"; sourceTree = "<group>"; };
		8C60241B85F7AFEC33F0CE1F /* Pods-Whack a Jellyfish.debug.xcconfig */ = {isa = PBXFileReference; includeInIndex = 1; lastKnownFileType = text.xcconfig; name = "Pods-Whack a Jellyfish.debug.xcconfig"; path = "Pods/Target Support Files/Pods-Whack a Jellyfish/Pods-Whack a Jellyfish.debug.xcconfig"; sourceTree = "<group>"; };
		A11FEAAC1FC108B500842641 /* Whack a Jellyfish.app */ = {isa = PBXFileReference; explicitFileType = wrapper.application; includeInIndex = 0; path = "Whack a Jellyfish.app"; sourceTree = BUILT_PRODUCTS_DIR; };
		A11FEAAF1FC108B500842641 /* AppDelegate.swift */ = {isa = PBXFileReference; lastKnownFileType = sourcecode.swift; path = AppDelegate.swift; sourceTree = "<group>"; };
		A11FEAB11FC108B500842641 /* ViewController.swift */ = {isa = PBXFileReference; lastKnownFileType = sourcecode.swift; path = ViewController.swift; sourceTree = "<group>"; };
		A11FEAB41FC108B500842641 /* Base */ = {isa = PBXFileReference; lastKnownFileType = file.storyboard; name = Base; path = Base.lproj/Main.storyboard; sourceTree = "<group>"; };
		A11FEAB61FC108B500842641 /* Assets.xcassets */ = {isa = PBXFileReference; lastKnownFileType = folder.assetcatalog; path = Assets.xcassets; sourceTree = "<group>"; };
		A11FEAB91FC108B500842641 /* Base */ = {isa = PBXFileReference; lastKnownFileType = file.storyboard; name = Base; path = Base.lproj/LaunchScreen.storyboard; sourceTree = "<group>"; };
		A11FEABB1FC108B500842641 /* Info.plist */ = {isa = PBXFileReference; lastKnownFileType = text.plist.xml; path = Info.plist; sourceTree = "<group>"; };
		A11FEAC31FC1146200842641 /* Textures */ = {isa = PBXFileReference; lastKnownFileType = folder; path = Textures; sourceTree = "<group>"; };
		A1B481FF1FC1184F007B9B1B /* art.scnassets */ = {isa = PBXFileReference; lastKnownFileType = wrapper.scnassets; path = art.scnassets; sourceTree = "<group>"; };
/* End PBXFileReference section */

/* Begin PBXFrameworksBuildPhase section */
		A11FEAA91FC108B500842641 /* Frameworks */ = {
			isa = PBXFrameworksBuildPhase;
			buildActionMask = 2147483647;
			files = (
				615DAA125E51049D523BF3A8 /* Pods_Whack_a_Jellyfish.framework in Frameworks */,
			);
			runOnlyForDeploymentPostprocessing = 0;
		};
/* End PBXFrameworksBuildPhase section */

/* Begin PBXGroup section */
		8986F65FAF2C09A731CA6B4E /* Frameworks */ = {
			isa = PBXGroup;
			children = (
				36ED1900AC051D2950C647FE /* Pods_Whack_a_Jellyfish.framework */,
			);
			name = Frameworks;
			sourceTree = "<group>";
		};
		A11FEAA31FC108B500842641 = {
			isa = PBXGroup;
			children = (
				A11FEAAE1FC108B500842641 /* Whack a Jellyfish */,
				A11FEAAD1FC108B500842641 /* Products */,
				BDB8182CB1F0D271A70BB8F7 /* Pods */,
				8986F65FAF2C09A731CA6B4E /* Frameworks */,
			);
			sourceTree = "<group>";
		};
		A11FEAAD1FC108B500842641 /* Products */ = {
			isa = PBXGroup;
			children = (
				A11FEAAC1FC108B500842641 /* Whack a Jellyfish.app */,
			);
			name = Products;
			sourceTree = "<group>";
		};
		A11FEAAE1FC108B500842641 /* Whack a Jellyfish */ = {
			isa = PBXGroup;
			children = (
				A11FEAAF1FC108B500842641 /* AppDelegate.swift */,
				A11FEAB11FC108B500842641 /* ViewController.swift */,
				A11FEAC31FC1146200842641 /* Textures */,
				A11FEAB31FC108B500842641 /* Main.storyboard */,
				A11FEAB61FC108B500842641 /* Assets.xcassets */,
				A11FEAB81FC108B500842641 /* LaunchScreen.storyboard */,
				A11FEABB1FC108B500842641 /* Info.plist */,
				A1B481FF1FC1184F007B9B1B /* art.scnassets */,
			);
			path = "Whack a Jellyfish";
			sourceTree = "<group>";
		};
		BDB8182CB1F0D271A70BB8F7 /* Pods */ = {
			isa = PBXGroup;
			children = (
				8C60241B85F7AFEC33F0CE1F /* Pods-Whack a Jellyfish.debug.xcconfig */,
				7B502E79BB5B104251DCEB72 /* Pods-Whack a Jellyfish.release.xcconfig */,
			);
			name = Pods;
			sourceTree = "<group>";
		};
/* End PBXGroup section */

/* Begin PBXNativeTarget section */
		A11FEAAB1FC108B500842641 /* Whack a Jellyfish */ = {
			isa = PBXNativeTarget;
			buildConfigurationList = A11FEABE1FC108B500842641 /* Build configuration list for PBXNativeTarget "Whack a Jellyfish" */;
			buildPhases = (
				A87E9B2EFE467CB488A33375 /* [CP] Check Pods Manifest.lock */,
				A11FEAA81FC108B500842641 /* Sources */,
				A11FEAA91FC108B500842641 /* Frameworks */,
				A11FEAAA1FC108B500842641 /* Resources */,
				C53329B522880D637A948334 /* [CP] Embed Pods Frameworks */,
				DD143EFCCD9D27F10BABCD00 /* [CP] Copy Pods Resources */,
			);
			buildRules = (
			);
			dependencies = (
			);
			name = "Whack a Jellyfish";
			productName = "Whack a Jellyfish";
			productReference = A11FEAAC1FC108B500842641 /* Whack a Jellyfish.app */;
			productType = "com.apple.product-type.application";
		};
/* End PBXNativeTarget section */

/* Begin PBXProject section */
		A11FEAA41FC108B500842641 /* Project object */ = {
			isa = PBXProject;
			attributes = {
				LastSwiftUpdateCheck = 0910;
				LastUpgradeCheck = 0910;
				ORGANIZATIONNAME = PantlessDev;
				TargetAttributes = {
					A11FEAAB1FC108B500842641 = {
						CreatedOnToolsVersion = 9.1;
						ProvisioningStyle = Automatic;
					};
				};
			};
			buildConfigurationList = A11FEAA71FC108B500842641 /* Build configuration list for PBXProject "Whack a Jellyfish" */;
			compatibilityVersion = "Xcode 8.0";
			developmentRegion = en;
			hasScannedForEncodings = 0;
			knownRegions = (
				en,
				Base,
			);
			mainGroup = A11FEAA31FC108B500842641;
			productRefGroup = A11FEAAD1FC108B500842641 /* Products */;
			projectDirPath = "";
			projectRoot = "";
			targets = (
				A11FEAAB1FC108B500842641 /* Whack a Jellyfish */,
			);
		};
/* End PBXProject section */

/* Begin PBXResourcesBuildPhase section */
		A11FEAAA1FC108B500842641 /* Resources */ = {
			isa = PBXResourcesBuildPhase;
			buildActionMask = 2147483647;
			files = (
				A11FEABA1FC108B500842641 /* LaunchScreen.storyboard in Resources */,
				A11FEAB71FC108B500842641 /* Assets.xcassets in Resources */,
				A11FEAC41FC1146200842641 /* Textures in Resources */,
				A1B482001FC1184F007B9B1B /* art.scnassets in Resources */,
				A11FEAB51FC108B500842641 /* Main.storyboard in Resources */,
			);
			runOnlyForDeploymentPostprocessing = 0;
		};
/* End PBXResourcesBuildPhase section */

/* Begin PBXShellScriptBuildPhase section */
		A87E9B2EFE467CB488A33375 /* [CP] Check Pods Manifest.lock */ = {
			isa = PBXShellScriptBuildPhase;
			buildActionMask = 2147483647;
			files = (
			);
			inputPaths = (
				"${PODS_PODFILE_DIR_PATH}/Podfile.lock",
				"${PODS_ROOT}/Manifest.lock",
			);
			name = "[CP] Check Pods Manifest.lock";
			outputPaths = (
				"$(DERIVED_FILE_DIR)/Pods-Whack a Jellyfish-checkManifestLockResult.txt",
			);
			runOnlyForDeploymentPostprocessing = 0;
			shellPath = /bin/sh;
			shellScript = "diff \"${PODS_PODFILE_DIR_PATH}/Podfile.lock\" \"${PODS_ROOT}/Manifest.lock\" > /dev/null\nif [ $? != 0 ] ; then\n    # print error to STDERR\n    echo \"error: The sandbox is not in sync with the Podfile.lock. Run 'pod install' or update your CocoaPods installation.\" >&2\n    exit 1\nfi\n# This output is used by Xcode 'outputs' to avoid re-running this script phase.\necho \"SUCCESS\" > \"${SCRIPT_OUTPUT_FILE_0}\"\n";
			showEnvVarsInLog = 0;
		};
		C53329B522880D637A948334 /* [CP] Embed Pods Frameworks */ = {
			isa = PBXShellScriptBuildPhase;
			buildActionMask = 2147483647;
			files = (
			);
			inputPaths = (
				"${SRCROOT}/Pods/Target Support Files/Pods-Whack a Jellyfish/Pods-Whack a Jellyfish-frameworks.sh",
				"${BUILT_PRODUCTS_DIR}/Each/Each.framework",
			);
			name = "[CP] Embed Pods Frameworks";
			outputPaths = (
				"${TARGET_BUILD_DIR}/${FRAMEWORKS_FOLDER_PATH}/Each.framework",
			);
			runOnlyForDeploymentPostprocessing = 0;
			shellPath = /bin/sh;
			shellScript = "\"${SRCROOT}/Pods/Target Support Files/Pods-Whack a Jellyfish/Pods-Whack a Jellyfish-frameworks.sh\"\n";
			showEnvVarsInLog = 0;
		};
		DD143EFCCD9D27F10BABCD00 /* [CP] Copy Pods Resources */ = {
			isa = PBXShellScriptBuildPhase;
			buildActionMask = 2147483647;
			files = (
			);
			inputPaths = (
			);
			name = "[CP] Copy Pods Resources";
			outputPaths = (
			);
			runOnlyForDeploymentPostprocessing = 0;
			shellPath = /bin/sh;
			shellScript = "\"${SRCROOT}/Pods/Target Support Files/Pods-Whack a Jellyfish/Pods-Whack a Jellyfish-resources.sh\"\n";
			showEnvVarsInLog = 0;
		};
/* End PBXShellScriptBuildPhase section */

/* Begin PBXSourcesBuildPhase section */
		A11FEAA81FC108B500842641 /* Sources */ = {
			isa = PBXSourcesBuildPhase;
			buildActionMask = 2147483647;
			files = (
				A11FEAB21FC108B500842641 /* ViewController.swift in Sources */,
				A11FEAB01FC108B500842641 /* AppDelegate.swift in Sources */,
			);
			runOnlyForDeploymentPostprocessing = 0;
		};
/* End PBXSourcesBuildPhase section */

/* Begin PBXVariantGroup section */
		A11FEAB31FC108B500842641 /* Main.storyboard */ = {
			isa = PBXVariantGroup;
			children = (
				A11FEAB41FC108B500842641 /* Base */,
			);
			name = Main.storyboard;
			sourceTree = "<group>";
		};
		A11FEAB81FC108B500842641 /* LaunchScreen.storyboard */ = {
			isa = PBXVariantGroup;
			children = (
				A11FEAB91FC108B500842641 /* Base */,
			);
			name = LaunchScreen.storyboard;
			sourceTree = "<group>";
		};
/* End PBXVariantGroup section */

/* Begin XCBuildConfiguration section */
		A11FEABC1FC108B500842641 /* Debug */ = {
			isa = XCBuildConfiguration;
			buildSettings = {
				ALWAYS_SEARCH_USER_PATHS = NO;
				CLANG_ANALYZER_NONNULL = YES;
				CLANG_ANALYZER_NUMBER_OBJECT_CONVERSION = YES_AGGRESSIVE;
				CLANG_CXX_LANGUAGE_STANDARD = "gnu++14";
				CLANG_CXX_LIBRARY = "libc++";
				CLANG_ENABLE_MODULES = YES;
				CLANG_ENABLE_OBJC_ARC = YES;
				CLANG_WARN_BLOCK_CAPTURE_AUTORELEASING = YES;
				CLANG_WARN_BOOL_CONVERSION = YES;
				CLANG_WARN_COMMA = YES;
				CLANG_WARN_CONSTANT_CONVERSION = YES;
				CLANG_WARN_DIRECT_OBJC_ISA_USAGE = YES_ERROR;
				CLANG_WARN_DOCUMENTATION_COMMENTS = YES;
				CLANG_WARN_EMPTY_BODY = YES;
				CLANG_WARN_ENUM_CONVERSION = YES;
				CLANG_WARN_INFINITE_RECURSION = YES;
				CLANG_WARN_INT_CONVERSION = YES;
				CLANG_WARN_NON_LITERAL_NULL_CONVERSION = YES;
				CLANG_WARN_OBJC_LITERAL_CONVERSION = YES;
				CLANG_WARN_OBJC_ROOT_CLASS = YES_ERROR;
				CLANG_WARN_RANGE_LOOP_ANALYSIS = YES;
				CLANG_WARN_STRICT_PROTOTYPES = YES;
				CLANG_WARN_SUSPICIOUS_MOVE = YES;
				CLANG_WARN_UNGUARDED_AVAILABILITY = YES_AGGRESSIVE;
				CLANG_WARN_UNREACHABLE_CODE = YES;
				CLANG_WARN__DUPLICATE_METHOD_MATCH = YES;
				CODE_SIGN_IDENTITY = "iPhone Developer";
				COPY_PHASE_STRIP = NO;
				DEBUG_INFORMATION_FORMAT = dwarf;
				ENABLE_STRICT_OBJC_MSGSEND = YES;
				ENABLE_TESTABILITY = YES;
				GCC_C_LANGUAGE_STANDARD = gnu11;
				GCC_DYNAMIC_NO_PIC = NO;
				GCC_NO_COMMON_BLOCKS = YES;
				GCC_OPTIMIZATION_LEVEL = 0;
				GCC_PREPROCESSOR_DEFINITIONS = (
					"DEBUG=1",
					"$(inherited)",
				);
				GCC_WARN_64_TO_32_BIT_CONVERSION = YES;
				GCC_WARN_ABOUT_RETURN_TYPE = YES_ERROR;
				GCC_WARN_UNDECLARED_SELECTOR = YES;
				GCC_WARN_UNINITIALIZED_AUTOS = YES_AGGRESSIVE;
				GCC_WARN_UNUSED_FUNCTION = YES;
				GCC_WARN_UNUSED_VARIABLE = YES;
				IPHONEOS_DEPLOYMENT_TARGET = 11.1;
				MTL_ENABLE_DEBUG_INFO = YES;
				ONLY_ACTIVE_ARCH = YES;
				SDKROOT = iphoneos;
				SWIFT_ACTIVE_COMPILATION_CONDITIONS = DEBUG;
				SWIFT_OPTIMIZATION_LEVEL = "-Onone";
			};
			name = Debug;
		};
		A11FEABD1FC108B500842641 /* Release */ = {
			isa = XCBuildConfiguration;
			buildSettings = {
				ALWAYS_SEARCH_USER_PATHS = NO;
				CLANG_ANALYZER_NONNULL = YES;
				CLANG_ANALYZER_NUMBER_OBJECT_CONVERSION = YES_AGGRESSIVE;
				CLANG_CXX_LANGUAGE_STANDARD = "gnu++14";
				CLANG_CXX_LIBRARY = "libc++";
				CLANG_ENABLE_MODULES = YES;
				CLANG_ENABLE_OBJC_ARC = YES;
				CLANG_WARN_BLOCK_CAPTURE_AUTORELEASING = YES;
				CLANG_WARN_BOOL_CONVERSION = YES;
				CLANG_WARN_COMMA = YES;
				CLANG_WARN_CONSTANT_CONVERSION = YES;
				CLANG_WARN_DIRECT_OBJC_ISA_USAGE = YES_ERROR;
				CLANG_WARN_DOCUMENTATION_COMMENTS = YES;
				CLANG_WARN_EMPTY_BODY = YES;
				CLANG_WARN_ENUM_CONVERSION = YES;
				CLANG_WARN_INFINITE_RECURSION = YES;
				CLANG_WARN_INT_CONVERSION = YES;
				CLANG_WARN_NON_LITERAL_NULL_CONVERSION = YES;
				CLANG_WARN_OBJC_LITERAL_CONVERSION = YES;
				CLANG_WARN_OBJC_ROOT_CLASS = YES_ERROR;
				CLANG_WARN_RANGE_LOOP_ANALYSIS = YES;
				CLANG_WARN_STRICT_PROTOTYPES = YES;
				CLANG_WARN_SUSPICIOUS_MOVE = YES;
				CLANG_WARN_UNGUARDED_AVAILABILITY = YES_AGGRESSIVE;
				CLANG_WARN_UNREACHABLE_CODE = YES;
				CLANG_WARN__DUPLICATE_METHOD_MATCH = YES;
				CODE_SIGN_IDENTITY = "iPhone Developer";
				COPY_PHASE_STRIP = NO;
				DEBUG_INFORMATION_FORMAT = "dwarf-with-dsym";
				ENABLE_NS_ASSERTIONS = NO;
				ENABLE_STRICT_OBJC_MSGSEND = YES;
				GCC_C_LANGUAGE_STANDARD = gnu11;
				GCC_NO_COMMON_BLOCKS = YES;
				GCC_WARN_64_TO_32_BIT_CONVERSION = YES;
				GCC_WARN_ABOUT_RETURN_TYPE = YES_ERROR;
				GCC_WARN_UNDECLARED_SELECTOR = YES;
				GCC_WARN_UNINITIALIZED_AUTOS = YES_AGGRESSIVE;
				GCC_WARN_UNUSED_FUNCTION = YES;
				GCC_WARN_UNUSED_VARIABLE = YES;
				IPHONEOS_DEPLOYMENT_TARGET = 11.1;
				MTL_ENABLE_DEBUG_INFO = NO;
				SDKROOT = iphoneos;
				SWIFT_OPTIMIZATION_LEVEL = "-Owholemodule";
				VALIDATE_PRODUCT = YES;
			};
			name = Release;
		};
		A11FEABF1FC108B500842641 /* Debug */ = {
			isa = XCBuildConfiguration;
			baseConfigurationReference = 8C60241B85F7AFEC33F0CE1F /* Pods-Whack a Jellyfish.debug.xcconfig */;
			buildSettings = {
				ASSETCATALOG_COMPILER_APPICON_NAME = AppIcon;
				CODE_SIGN_STYLE = Automatic;
				DEVELOPMENT_TEAM = YCWY7J2PNU;
				INFOPLIST_FILE = "Whack a Jellyfish/Info.plist";
				LD_RUNPATH_SEARCH_PATHS = "$(inherited) @executable_path/Frameworks";
				PRODUCT_BUNDLE_IDENTIFIER = "com.pantlessdev.Whack-a-Jellyfish";
				PRODUCT_NAME = "$(TARGET_NAME)";
				SWIFT_VERSION = 4.0;
				TARGETED_DEVICE_FAMILY = "1,2";
			};
			name = Debug;
		};
		A11FEAC01FC108B500842641 /* Release */ = {
			isa = XCBuildConfiguration;
			baseConfigurationReference = 7B502E79BB5B104251DCEB72 /* Pods-Whack a Jellyfish.release.xcconfig */;
			buildSettings = {
				ASSETCATALOG_COMPILER_APPICON_NAME = AppIcon;
				CODE_SIGN_STYLE = Automatic;
				DEVELOPMENT_TEAM = YCWY7J2PNU;
				INFOPLIST_FILE = "Whack a Jellyfish/Info.plist";
				LD_RUNPATH_SEARCH_PATHS = "$(inherited) @executable_path/Frameworks";
				PRODUCT_BUNDLE_IDENTIFIER = "com.pantlessdev.Whack-a-Jellyfish";
				PRODUCT_NAME = "$(TARGET_NAME)";
				SWIFT_VERSION = 4.0;
				TARGETED_DEVICE_FAMILY = "1,2";
			};
			name = Release;
		};
/* End XCBuildConfiguration section */

/* Begin XCConfigurationList section */
		A11FEAA71FC108B500842641 /* Build configuration list for PBXProject "Whack a Jellyfish" */ = {
			isa = XCConfigurationList;
			buildConfigurations = (
				A11FEABC1FC108B500842641 /* Debug */,
				A11FEABD1FC108B500842641 /* Release */,
			);
			defaultConfigurationIsVisible = 0;
			defaultConfigurationName = Release;
		};
		A11FEABE1FC108B500842641 /* Build configuration list for PBXNativeTarget "Whack a Jellyfish" */ = {
			isa = XCConfigurationList;
			buildConfigurations = (
				A11FEABF1FC108B500842641 /* Debug */,
				A11FEAC01FC108B500842641 /* Release */,
			);
			defaultConfigurationIsVisible = 0;
			defaultConfigurationName = Release;
		};
/* End XCConfigurationList section */
	};
	rootObject = A11FEAA41FC108B500842641 /* Project object */;
}
